<?xml version="1.0" encoding="utf-8"?>
<Project ToolsVersion="4.0" xmlns="http://schemas.microsoft.com/developer/msbuild/2003">
  <ItemGroup>
    <ClCompile Include="Client.cpp" />
    <ClCompile Include="Connect.cpp" />
    <ClCompile Include="MainGame.cpp" />
    <ClCompile Include="GameBoard.cpp" />
  </ItemGroup>
  <ItemGroup>
    <ClInclude Include="Client.h" />
    <ClInclude Include="Connect.h" />
    <ClInclude Include="MainGame.h" />
    <ClInclude Include="GameBoard.h" />
  </ItemGroup>
  <ItemGroup>
    <EmbeddedResource Include="Connect.resx" />
    <EmbeddedResource Include="MainGame.resx" />
  </ItemGroup>
  <ItemGroup>
    <None Include="ClassDiagram.cd" />
  </ItemGroup>
</Project>